
Microsoft Visual Studio Solution File, Format Version 12.00
# Visual Studio Version 16
VisualStudioVersion = 16.0.32602.291
MinimumVisualStudioVersion = 10.0.40219.1
Project("{FAE04EC0-301F-11D3-BF4B-00C04F79EFBC}") = "Udemy.BikeStore.WUI", "Udemy.BikeStore.WUI\Udemy.BikeStore.WUI.csproj", "{5478C520-6CD6-4F73-B696-1300394874FC}"
EndProject
Global
	GlobalSection(SolutionConfigurationPlatforms) = preSolution
		Debug|Any CPU = Debug|Any CPU
		Release|Any CPU = Release|Any CPU
	EndGlobalSection
	GlobalSection(ProjectConfigurationPlatforms) = postSolution
		{5478C520-6CD6-4F73-B696-1300394874FC}.Debug|Any CPU.ActiveCfg = Debug|Any CPU
		{5478C520-6CD6-4F73-B696-1300394874FC}.Debug|Any CPU.Build.0 = Debug|Any CPU
		{5478C520-6CD6-4F73-B696-1300394874FC}.Release|Any CPU.ActiveCfg = Release|Any CPU
		{5478C520-6CD6-4F73-B696-1300394874FC}.Release|Any CPU.Build.0 = Release|Any CPU
	EndGlobalSection
	GlobalSection(SolutionProperties) = preSolution
		HideSolutionNode = FALSE
	EndGlobalSection
	GlobalSection(ExtensibilityGlobals) = postSolution
		SolutionGuid = {B560C85F-54BB-409C-BF1A-3368BE287034}
	EndGlobalSection
EndGlobal
